
Microsoft Visual Studio Solution File, Format Version 12.00
# Visual Studio 15
VisualStudioVersion = 15.0.28010.2016
MinimumVisualStudioVersion = 10.0.40219.1
Project("{FAE04EC0-301F-11D3-BF4B-00C04F79EFBC}") = "LittleLibrary", "LittleLibrary\LittleLibrary.csproj", "{4990E535-20B2-4CE1-A1DD-52CF5EA4B494}"
EndProject
Global
	GlobalSection(SolutionConfigurationPlatforms) = preSolution
		Debug|Any CPU = Debug|Any CPU
		Release|Any CPU = Release|Any CPU
	EndGlobalSection
	GlobalSection(ProjectConfigurationPlatforms) = postSolution
		{4990E535-20B2-4CE1-A1DD-52CF5EA4B494}.Debug|Any CPU.ActiveCfg = Debug|Any CPU
		{4990E535-20B2-4CE1-A1DD-52CF5EA4B494}.Debug|Any CPU.Build.0 = Debug|Any CPU
		{4990E535-20B2-4CE1-A1DD-52CF5EA4B494}.Release|Any CPU.ActiveCfg = Release|Any CPU
		{4990E535-20B2-4CE1-A1DD-52CF5EA4B494}.Release|Any CPU.Build.0 = Release|Any CPU
	EndGlobalSection
	GlobalSection(SolutionProperties) = preSolution
		HideSolutionNode = FALSE
	EndGlobalSection
	GlobalSection(ExtensibilityGlobals) = postSolution
		SolutionGuid = {424FC42F-3352-4C22-AD1A-A7126C62793A}
	EndGlobalSection
EndGlobal
